// !$*UTF8*$!
{
	archiveVersion = 1;
	classes = {
	};
	objectVersion = 46;
	objects = {

/* Begin PBXBuildFile section */
		8F0651111D631DE4003604C5 /* MatrixTableViewCell.swift in Sources */ = {isa = PBXBuildFile; fileRef = 8F0651101D631DE4003604C5 /* MatrixTableViewCell.swift */; };
		F94BCFA21D55A5FE00ABABC6 /* AppDelegate.swift in Sources */ = {isa = PBXBuildFile; fileRef = F94BCFA11D55A5FE00ABABC6 /* AppDelegate.swift */; };
		F94BCFA41D55A5FE00ABABC6 /* ViewController.swift in Sources */ = {isa = PBXBuildFile; fileRef = F94BCFA31D55A5FE00ABABC6 /* ViewController.swift */; };
		F94BCFA71D55A5FE00ABABC6 /* Main.storyboard in Resources */ = {isa = PBXBuildFile; fileRef = F94BCFA51D55A5FE00ABABC6 /* Main.storyboard */; };
		F94BCFA91D55A5FE00ABABC6 /* Assets.xcassets in Resources */ = {isa = PBXBuildFile; fileRef = F94BCFA81D55A5FE00ABABC6 /* Assets.xcassets */; };
		F94BCFAC1D55A5FE00ABABC6 /* LaunchScreen.storyboard in Resources */ = {isa = PBXBuildFile; fileRef = F94BCFAA1D55A5FE00ABABC6 /* LaunchScreen.storyboard */; };
		F94BCFB71D55A5FF00ABABC6 /* MatrixBuddyTests.swift in Sources */ = {isa = PBXBuildFile; fileRef = F94BCFB61D55A5FF00ABABC6 /* MatrixBuddyTests.swift */; };
		F94BCFC21D55A5FF00ABABC6 /* MatrixBuddyUITests.swift in Sources */ = {isa = PBXBuildFile; fileRef = F94BCFC11D55A5FF00ABABC6 /* MatrixBuddyUITests.swift */; };
		F94BCFD01D55A74A00ABABC6 /* Fraction.swift in Sources */ = {isa = PBXBuildFile; fileRef = F94BCFCF1D55A74A00ABABC6 /* Fraction.swift */; };
		F9F4B2FE1D5C39E000838DF5 /* Computation.swift in Sources */ = {isa = PBXBuildFile; fileRef = F9F4B2FD1D5C39E000838DF5 /* Computation.swift */; };
		F9F4B2FF1D5C39E000838DF5 /* Computation.swift in Sources */ = {isa = PBXBuildFile; fileRef = F9F4B2FD1D5C39E000838DF5 /* Computation.swift */; };
		F9F4B3011D5D466800838DF5 /* EditCursor.swift in Sources */ = {isa = PBXBuildFile; fileRef = F9F4B3001D5D466800838DF5 /* EditCursor.swift */; };
		F9F4B3021D5D466800838DF5 /* EditCursor.swift in Sources */ = {isa = PBXBuildFile; fileRef = F9F4B3001D5D466800838DF5 /* EditCursor.swift */; };
		F9F4B3071D5D520800838DF5 /* EditUIViewController.swift in Sources */ = {isa = PBXBuildFile; fileRef = F9F4B3061D5D520800838DF5 /* EditUIViewController.swift */; };
		F9F4B3081D5D520800838DF5 /* EditUIViewController.swift in Sources */ = {isa = PBXBuildFile; fileRef = F9F4B3061D5D520800838DF5 /* EditUIViewController.swift */; };
/* End PBXBuildFile section */

/* Begin PBXContainerItemProxy section */
		F94BCFB31D55A5FF00ABABC6 /* PBXContainerItemProxy */ = {
			isa = PBXContainerItemProxy;
			containerPortal = F94BCF961D55A5FE00ABABC6 /* Project object */;
			proxyType = 1;
			remoteGlobalIDString = F94BCF9D1D55A5FE00ABABC6;
			remoteInfo = MatrixBuddy;
		};
		F94BCFBE1D55A5FF00ABABC6 /* PBXContainerItemProxy */ = {
			isa = PBXContainerItemProxy;
			containerPortal = F94BCF961D55A5FE00ABABC6 /* Project object */;
			proxyType = 1;
			remoteGlobalIDString = F94BCF9D1D55A5FE00ABABC6;
			remoteInfo = MatrixBuddy;
		};
/* End PBXContainerItemProxy section */

/* Begin PBXFileReference section */
		8F0651101D631DE4003604C5 /* MatrixTableViewCell.swift */ = {isa = PBXFileReference; fileEncoding = 4; lastKnownFileType = sourcecode.swift; path = MatrixTableViewCell.swift; sourceTree = "<group>"; };
		F94BCF9E1D55A5FE00ABABC6 /* MatrixBuddy.app */ = {isa = PBXFileReference; explicitFileType = wrapper.application; includeInIndex = 0; path = MatrixBuddy.app; sourceTree = BUILT_PRODUCTS_DIR; };
		F94BCFA11D55A5FE00ABABC6 /* AppDelegate.swift */ = {isa = PBXFileReference; lastKnownFileType = sourcecode.swift; path = AppDelegate.swift; sourceTree = "<group>"; };
		F94BCFA31D55A5FE00ABABC6 /* ViewController.swift */ = {isa = PBXFileReference; lastKnownFileType = sourcecode.swift; path = ViewController.swift; sourceTree = "<group>"; };
		F94BCFA61D55A5FE00ABABC6 /* Base */ = {isa = PBXFileReference; lastKnownFileType = file.storyboard; name = Base; path = Base.lproj/Main.storyboard; sourceTree = "<group>"; };
		F94BCFA81D55A5FE00ABABC6 /* Assets.xcassets */ = {isa = PBXFileReference; lastKnownFileType = folder.assetcatalog; path = Assets.xcassets; sourceTree = "<group>"; };
		F94BCFAB1D55A5FE00ABABC6 /* Base */ = {isa = PBXFileReference; lastKnownFileType = file.storyboard; name = Base; path = Base.lproj/LaunchScreen.storyboard; sourceTree = "<group>"; };
		F94BCFAD1D55A5FE00ABABC6 /* Info.plist */ = {isa = PBXFileReference; lastKnownFileType = text.plist.xml; path = Info.plist; sourceTree = "<group>"; };
		F94BCFB21D55A5FF00ABABC6 /* MatrixBuddyTests.xctest */ = {isa = PBXFileReference; explicitFileType = wrapper.cfbundle; includeInIndex = 0; path = MatrixBuddyTests.xctest; sourceTree = BUILT_PRODUCTS_DIR; };
		F94BCFB61D55A5FF00ABABC6 /* MatrixBuddyTests.swift */ = {isa = PBXFileReference; lastKnownFileType = sourcecode.swift; path = MatrixBuddyTests.swift; sourceTree = "<group>"; };
		F94BCFB81D55A5FF00ABABC6 /* Info.plist */ = {isa = PBXFileReference; lastKnownFileType = text.plist.xml; path = Info.plist; sourceTree = "<group>"; };
		F94BCFBD1D55A5FF00ABABC6 /* MatrixBuddyUITests.xctest */ = {isa = PBXFileReference; explicitFileType = wrapper.cfbundle; includeInIndex = 0; path = MatrixBuddyUITests.xctest; sourceTree = BUILT_PRODUCTS_DIR; };
		F94BCFC11D55A5FF00ABABC6 /* MatrixBuddyUITests.swift */ = {isa = PBXFileReference; lastKnownFileType = sourcecode.swift; path = MatrixBuddyUITests.swift; sourceTree = "<group>"; };
		F94BCFC31D55A5FF00ABABC6 /* Info.plist */ = {isa = PBXFileReference; lastKnownFileType = text.plist.xml; path = Info.plist; sourceTree = "<group>"; };
		F94BCFCF1D55A74A00ABABC6 /* Fraction.swift */ = {isa = PBXFileReference; fileEncoding = 4; lastKnownFileType = sourcecode.swift; path = Fraction.swift; sourceTree = "<group>"; };
		F9F4B2FD1D5C39E000838DF5 /* Computation.swift */ = {isa = PBXFileReference; fileEncoding = 4; lastKnownFileType = sourcecode.swift; path = Computation.swift; sourceTree = "<group>"; };
		F9F4B3001D5D466800838DF5 /* EditCursor.swift */ = {isa = PBXFileReference; fileEncoding = 4; lastKnownFileType = sourcecode.swift; path = EditCursor.swift; sourceTree = "<group>"; };
		F9F4B3061D5D520800838DF5 /* EditUIViewController.swift */ = {isa = PBXFileReference; fileEncoding = 4; lastKnownFileType = sourcecode.swift; name = EditUIViewController.swift; path = ../EditUIViewController.swift; sourceTree = "<group>"; };
/* End PBXFileReference section */

/* Begin PBXFrameworksBuildPhase section */
		F94BCF9B1D55A5FE00ABABC6 /* Frameworks */ = {
			isa = PBXFrameworksBuildPhase;
			buildActionMask = 2147483647;
			files = (
			);
			runOnlyForDeploymentPostprocessing = 0;
		};
		F94BCFAF1D55A5FF00ABABC6 /* Frameworks */ = {
			isa = PBXFrameworksBuildPhase;
			buildActionMask = 2147483647;
			files = (
			);
			runOnlyForDeploymentPostprocessing = 0;
		};
		F94BCFBA1D55A5FF00ABABC6 /* Frameworks */ = {
			isa = PBXFrameworksBuildPhase;
			buildActionMask = 2147483647;
			files = (
			);
			runOnlyForDeploymentPostprocessing = 0;
		};
/* End PBXFrameworksBuildPhase section */

/* Begin PBXGroup section */
		F94BCF951D55A5FE00ABABC6 = {
			isa = PBXGroup;
			children = (
				F94BCFA01D55A5FE00ABABC6 /* MatrixBuddy */,
				F94BCFB51D55A5FF00ABABC6 /* MatrixBuddyTests */,
				F94BCFC01D55A5FF00ABABC6 /* MatrixBuddyUITests */,
				F94BCF9F1D55A5FE00ABABC6 /* Products */,
			);
			sourceTree = "<group>";
		};
		F94BCF9F1D55A5FE00ABABC6 /* Products */ = {
			isa = PBXGroup;
			children = (
				F94BCF9E1D55A5FE00ABABC6 /* MatrixBuddy.app */,
				F94BCFB21D55A5FF00ABABC6 /* MatrixBuddyTests.xctest */,
				F94BCFBD1D55A5FF00ABABC6 /* MatrixBuddyUITests.xctest */,
			);
			name = Products;
			sourceTree = "<group>";
		};
		F94BCFA01D55A5FE00ABABC6 /* MatrixBuddy */ = {
			isa = PBXGroup;
			children = (
				F94BCFA11D55A5FE00ABABC6 /* AppDelegate.swift */,
				F94BCFA31D55A5FE00ABABC6 /* ViewController.swift */,
				F94BCFCF1D55A74A00ABABC6 /* Fraction.swift */,
				F94BCFA51D55A5FE00ABABC6 /* Main.storyboard */,
				8F0651101D631DE4003604C5 /* MatrixTableViewCell.swift */,
				F94BCFA81D55A5FE00ABABC6 /* Assets.xcassets */,
				F94BCFAA1D55A5FE00ABABC6 /* LaunchScreen.storyboard */,
				F94BCFAD1D55A5FE00ABABC6 /* Info.plist */,
				F9F4B2FD1D5C39E000838DF5 /* Computation.swift */,
				F9F4B3061D5D520800838DF5 /* EditUIViewController.swift */,
				F9F4B3001D5D466800838DF5 /* EditCursor.swift */,
			);
			path = MatrixBuddy;
			sourceTree = "<group>";
		};
		F94BCFB51D55A5FF00ABABC6 /* MatrixBuddyTests */ = {
			isa = PBXGroup;
			children = (
				F94BCFB61D55A5FF00ABABC6 /* MatrixBuddyTests.swift */,
				F94BCFB81D55A5FF00ABABC6 /* Info.plist */,
			);
			path = MatrixBuddyTests;
			sourceTree = "<group>";
		};
		F94BCFC01D55A5FF00ABABC6 /* MatrixBuddyUITests */ = {
			isa = PBXGroup;
			children = (
				F94BCFC11D55A5FF00ABABC6 /* MatrixBuddyUITests.swift */,
				F94BCFC31D55A5FF00ABABC6 /* Info.plist */,
			);
			path = MatrixBuddyUITests;
			sourceTree = "<group>";
		};
/* End PBXGroup section */

/* Begin PBXNativeTarget section */
		F94BCF9D1D55A5FE00ABABC6 /* MatrixBuddy */ = {
			isa = PBXNativeTarget;
			buildConfigurationList = F94BCFC61D55A5FF00ABABC6 /* Build configuration list for PBXNativeTarget "MatrixBuddy" */;
			buildPhases = (
				F94BCF9A1D55A5FE00ABABC6 /* Sources */,
				F94BCF9B1D55A5FE00ABABC6 /* Frameworks */,
				F94BCF9C1D55A5FE00ABABC6 /* Resources */,
			);
			buildRules = (
			);
			dependencies = (
			);
			name = MatrixBuddy;
			productName = MatrixBuddy;
			productReference = F94BCF9E1D55A5FE00ABABC6 /* MatrixBuddy.app */;
			productType = "com.apple.product-type.application";
		};
		F94BCFB11D55A5FF00ABABC6 /* MatrixBuddyTests */ = {
			isa = PBXNativeTarget;
			buildConfigurationList = F94BCFC91D55A5FF00ABABC6 /* Build configuration list for PBXNativeTarget "MatrixBuddyTests" */;
			buildPhases = (
				F94BCFAE1D55A5FF00ABABC6 /* Sources */,
				F94BCFAF1D55A5FF00ABABC6 /* Frameworks */,
				F94BCFB01D55A5FF00ABABC6 /* Resources */,
			);
			buildRules = (
			);
			dependencies = (
				F94BCFB41D55A5FF00ABABC6 /* PBXTargetDependency */,
			);
			name = MatrixBuddyTests;
			productName = MatrixBuddyTests;
			productReference = F94BCFB21D55A5FF00ABABC6 /* MatrixBuddyTests.xctest */;
			productType = "com.apple.product-type.bundle.unit-test";
		};
		F94BCFBC1D55A5FF00ABABC6 /* MatrixBuddyUITests */ = {
			isa = PBXNativeTarget;
			buildConfigurationList = F94BCFCC1D55A5FF00ABABC6 /* Build configuration list for PBXNativeTarget "MatrixBuddyUITests" */;
			buildPhases = (
				F94BCFB91D55A5FF00ABABC6 /* Sources */,
				F94BCFBA1D55A5FF00ABABC6 /* Frameworks */,
				F94BCFBB1D55A5FF00ABABC6 /* Resources */,
			);
			buildRules = (
			);
			dependencies = (
				F94BCFBF1D55A5FF00ABABC6 /* PBXTargetDependency */,
			);
			name = MatrixBuddyUITests;
			productName = MatrixBuddyUITests;
			productReference = F94BCFBD1D55A5FF00ABABC6 /* MatrixBuddyUITests.xctest */;
			productType = "com.apple.product-type.bundle.ui-testing";
		};
/* End PBXNativeTarget section */

/* Begin PBXProject section */
		F94BCF961D55A5FE00ABABC6 /* Project object */ = {
			isa = PBXProject;
			attributes = {
				LastSwiftUpdateCheck = 0730;
				LastUpgradeCheck = 0730;
				ORGANIZATIONNAME = "Balabala & Company";
				TargetAttributes = {
					F94BCF9D1D55A5FE00ABABC6 = {
						CreatedOnToolsVersion = 7.3.1;
						DevelopmentTeam = PJHL2KMH77;
					};
					F94BCFB11D55A5FF00ABABC6 = {
						CreatedOnToolsVersion = 7.3.1;
						TestTargetID = F94BCF9D1D55A5FE00ABABC6;
					};
					F94BCFBC1D55A5FF00ABABC6 = {
						CreatedOnToolsVersion = 7.3.1;
						TestTargetID = F94BCF9D1D55A5FE00ABABC6;
					};
				};
			};
			buildConfigurationList = F94BCF991D55A5FE00ABABC6 /* Build configuration list for PBXProject "MatrixBuddy" */;
			compatibilityVersion = "Xcode 3.2";
			developmentRegion = English;
			hasScannedForEncodings = 0;
			knownRegions = (
				en,
				Base,
			);
			mainGroup = F94BCF951D55A5FE00ABABC6;
			productRefGroup = F94BCF9F1D55A5FE00ABABC6 /* Products */;
			projectDirPath = "";
			projectRoot = "";
			targets = (
				F94BCF9D1D55A5FE00ABABC6 /* MatrixBuddy */,
				F94BCFB11D55A5FF00ABABC6 /* MatrixBuddyTests */,
				F94BCFBC1D55A5FF00ABABC6 /* MatrixBuddyUITests */,
			);
		};
/* End PBXProject section */

/* Begin PBXResourcesBuildPhase section */
		F94BCF9C1D55A5FE00ABABC6 /* Resources */ = {
			isa = PBXResourcesBuildPhase;
			buildActionMask = 2147483647;
			files = (
				F94BCFAC1D55A5FE00ABABC6 /* LaunchScreen.storyboard in Resources */,
				F94BCFA91D55A5FE00ABABC6 /* Assets.xcassets in Resources */,
				F94BCFA71D55A5FE00ABABC6 /* Main.storyboard in Resources */,
			);
			runOnlyForDeploymentPostprocessing = 0;
		};
		F94BCFB01D55A5FF00ABABC6 /* Resources */ = {
			isa = PBXResourcesBuildPhase;
			buildActionMask = 2147483647;
			files = (
			);
			runOnlyForDeploymentPostprocessing = 0;
		};
		F94BCFBB1D55A5FF00ABABC6 /* Resources */ = {
			isa = PBXResourcesBuildPhase;
			buildActionMask = 2147483647;
			files = (
			);
			runOnlyForDeploymentPostprocessing = 0;
		};
/* End PBXResourcesBuildPhase section */

/* Begin PBXSourcesBuildPhase section */
		F94BCF9A1D55A5FE00ABABC6 /* Sources */ = {
			isa = PBXSourcesBuildPhase;
			buildActionMask = 2147483647;
			files = (
				F9F4B3071D5D520800838DF5 /* EditUIViewController.swift in Sources */,
				8F0651111D631DE4003604C5 /* MatrixTableViewCell.swift in Sources */,
				F9F4B3011D5D466800838DF5 /* EditCursor.swift in Sources */,
				F94BCFD01D55A74A00ABABC6 /* Fraction.swift in Sources */,
				F94BCFA41D55A5FE00ABABC6 /* ViewController.swift in Sources */,
				F94BCFA21D55A5FE00ABABC6 /* AppDelegate.swift in Sources */,
				F9F4B2FE1D5C39E000838DF5 /* Computation.swift in Sources */,
			);
			runOnlyForDeploymentPostprocessing = 0;
		};
		F94BCFAE1D55A5FF00ABABC6 /* Sources */ = {
			isa = PBXSourcesBuildPhase;
			buildActionMask = 2147483647;
			files = (
				F9F4B3081D5D520800838DF5 /* EditUIViewController.swift in Sources */,
				F9F4B3021D5D466800838DF5 /* EditCursor.swift in Sources */,
				F94BCFB71D55A5FF00ABABC6 /* MatrixBuddyTests.swift in Sources */,
				F9F4B2FF1D5C39E000838DF5 /* Computation.swift in Sources */,
			);
			runOnlyForDeploymentPostprocessing = 0;
		};
		F94BCFB91D55A5FF00ABABC6 /* Sources */ = {
			isa = PBXSourcesBuildPhase;
			buildActionMask = 2147483647;
			files = (
				F94BCFC21D55A5FF00ABABC6 /* MatrixBuddyUITests.swift in Sources */,
			);
			runOnlyForDeploymentPostprocessing = 0;
		};
/* End PBXSourcesBuildPhase section */

/* Begin PBXTargetDependency section */
		F94BCFB41D55A5FF00ABABC6 /* PBXTargetDependency */ = {
			isa = PBXTargetDependency;
			target = F94BCF9D1D55A5FE00ABABC6 /* MatrixBuddy */;
			targetProxy = F94BCFB31D55A5FF00ABABC6 /* PBXContainerItemProxy */;
		};
		F94BCFBF1D55A5FF00ABABC6 /* PBXTargetDependency */ = {
			isa = PBXTargetDependency;
			target = F94BCF9D1D55A5FE00ABABC6 /* MatrixBuddy */;
			targetProxy = F94BCFBE1D55A5FF00ABABC6 /* PBXContainerItemProxy */;
		};
/* End PBXTargetDependency section */

/* Begin PBXVariantGroup section */
		F94BCFA51D55A5FE00ABABC6 /* Main.storyboard */ = {
			isa = PBXVariantGroup;
			children = (
				F94BCFA61D55A5FE00ABABC6 /* Base */,
			);
			name = Main.storyboard;
			sourceTree = "<group>";
		};
		F94BCFAA1D55A5FE00ABABC6 /* LaunchScreen.storyboard */ = {
			isa = PBXVariantGroup;
			children = (
				F94BCFAB1D55A5FE00ABABC6 /* Base */,
			);
			name = LaunchScreen.storyboard;
			sourceTree = "<group>";
		};
/* End PBXVariantGroup section */

/* Begin XCBuildConfiguration section */
		F94BCFC41D55A5FF00ABABC6 /* Debug */ = {
			isa = XCBuildConfiguration;
			buildSettings = {
				ALWAYS_SEARCH_USER_PATHS = NO;
				CLANG_ANALYZER_NONNULL = YES;
				CLANG_CXX_LANGUAGE_STANDARD = "gnu++0x";
				CLANG_CXX_LIBRARY = "libc++";
				CLANG_ENABLE_MODULES = YES;
				CLANG_ENABLE_OBJC_ARC = YES;
				CLANG_WARN_BOOL_CONVERSION = YES;
				CLANG_WARN_CONSTANT_CONVERSION = YES;
				CLANG_WARN_DIRECT_OBJC_ISA_USAGE = YES_ERROR;
				CLANG_WARN_EMPTY_BODY = YES;
				CLANG_WARN_ENUM_CONVERSION = YES;
				CLANG_WARN_INT_CONVERSION = YES;
				CLANG_WARN_OBJC_ROOT_CLASS = YES_ERROR;
				CLANG_WARN_UNREACHABLE_CODE = YES;
				CLANG_WARN__DUPLICATE_METHOD_MATCH = YES;
				"CODE_SIGN_IDENTITY[sdk=iphoneos*]" = "iPhone Developer";
				COPY_PHASE_STRIP = NO;
				DEBUG_INFORMATION_FORMAT = dwarf;
				ENABLE_STRICT_OBJC_MSGSEND = YES;
				ENABLE_TESTABILITY = YES;
				GCC_C_LANGUAGE_STANDARD = gnu99;
				GCC_DYNAMIC_NO_PIC = NO;
				GCC_NO_COMMON_BLOCKS = YES;
				GCC_OPTIMIZATION_LEVEL = 0;
				GCC_PREPROCESSOR_DEFINITIONS = (
					"DEBUG=1",
					"$(inherited)",
				);
				GCC_WARN_64_TO_32_BIT_CONVERSION = YES;
				GCC_WARN_ABOUT_RETURN_TYPE = YES_ERROR;
				GCC_WARN_UNDECLARED_SELECTOR = YES;
				GCC_WARN_UNINITIALIZED_AUTOS = YES_AGGRESSIVE;
				GCC_WARN_UNUSED_FUNCTION = YES;
				GCC_WARN_UNUSED_VARIABLE = YES;
				IPHONEOS_DEPLOYMENT_TARGET = 9.3;
				MTL_ENABLE_DEBUG_INFO = YES;
				ONLY_ACTIVE_ARCH = YES;
				SDKROOT = iphoneos;
				SWIFT_OPTIMIZATION_LEVEL = "-Onone";
				TARGETED_DEVICE_FAMILY = "1,2";
			};
			name = Debug;
		};
		F94BCFC51D55A5FF00ABABC6 /* Release */ = {
			isa = XCBuildConfiguration;
			buildSettings = {
				ALWAYS_SEARCH_USER_PATHS = NO;
				CLANG_ANALYZER_NONNULL = YES;
				CLANG_CXX_LANGUAGE_STANDARD = "gnu++0x";
				CLANG_CXX_LIBRARY = "libc++";
				CLANG_ENABLE_MODULES = YES;
				CLANG_ENABLE_OBJC_ARC = YES;
				CLANG_WARN_BOOL_CONVERSION = YES;
				CLANG_WARN_CONSTANT_CONVERSION = YES;
				CLANG_WARN_DIRECT_OBJC_ISA_USAGE = YES_ERROR;
				CLANG_WARN_EMPTY_BODY = YES;
				CLANG_WARN_ENUM_CONVERSION = YES;
				CLANG_WARN_INT_CONVERSION = YES;
				CLANG_WARN_OBJC_ROOT_CLASS = YES_ERROR;
				CLANG_WARN_UNREACHABLE_CODE = YES;
				CLANG_WARN__DUPLICATE_METHOD_MATCH = YES;
				"CODE_SIGN_IDENTITY[sdk=iphoneos*]" = "iPhone Developer";
				COPY_PHASE_STRIP = NO;
				DEBUG_INFORMATION_FORMAT = "dwarf-with-dsym";
				ENABLE_NS_ASSERTIONS = NO;
				ENABLE_STRICT_OBJC_MSGSEND = YES;
				GCC_C_LANGUAGE_STANDARD = gnu99;
				GCC_NO_COMMON_BLOCKS = YES;
				GCC_WARN_64_TO_32_BIT_CONVERSION = YES;
				GCC_WARN_ABOUT_RETURN_TYPE = YES_ERROR;
				GCC_WARN_UNDECLARED_SELECTOR = YES;
				GCC_WARN_UNINITIALIZED_AUTOS = YES_AGGRESSIVE;
				GCC_WARN_UNUSED_FUNCTION = YES;
				GCC_WARN_UNUSED_VARIABLE = YES;
				IPHONEOS_DEPLOYMENT_TARGET = 9.3;
				MTL_ENABLE_DEBUG_INFO = NO;
				SDKROOT = iphoneos;
				TARGETED_DEVICE_FAMILY = "1,2";
				VALIDATE_PRODUCT = YES;
			};
			name = Release;
		};
		F94BCFC71D55A5FF00ABABC6 /* Debug */ = {
			isa = XCBuildConfiguration;
			buildSettings = {
				ASSETCATALOG_COMPILER_APPICON_NAME = AppIcon;
				CODE_SIGN_IDENTITY = "iPhone Developer";
				"CODE_SIGN_IDENTITY[sdk=iphoneos*]" = "iPhone Developer";
				INFOPLIST_FILE = MatrixBuddy/Info.plist;
				LD_RUNPATH_SEARCH_PATHS = "$(inherited) @executable_path/Frameworks";
				PRODUCT_BUNDLE_IDENTIFIER = edu.cmc.MatrixBuddy;
				PRODUCT_NAME = "$(TARGET_NAME)";
				PROVISIONING_PROFILE = "";
			};
			name = Debug;
		};
		F94BCFC81D55A5FF00ABABC6 /* Release */ = {
			isa = XCBuildConfiguration;
			buildSettings = {
				ASSETCATALOG_COMPILER_APPICON_NAME = AppIcon;
				CODE_SIGN_IDENTITY = "iPhone Developer";
				"CODE_SIGN_IDENTITY[sdk=iphoneos*]" = "iPhone Developer";
				INFOPLIST_FILE = MatrixBuddy/Info.plist;
				LD_RUNPATH_SEARCH_PATHS = "$(inherited) @executable_path/Frameworks";
				PRODUCT_BUNDLE_IDENTIFIER = edu.cmc.MatrixBuddy;
				PRODUCT_NAME = "$(TARGET_NAME)";
				PROVISIONING_PROFILE = "";
			};
			name = Release;
		};
		F94BCFCA1D55A5FF00ABABC6 /* Debug */ = {
			isa = XCBuildConfiguration;
			buildSettings = {
				BUNDLE_LOADER = "$(TEST_HOST)";
				INFOPLIST_FILE = MatrixBuddyTests/Info.plist;
				LD_RUNPATH_SEARCH_PATHS = "$(inherited) @executable_path/Frameworks @loader_path/Frameworks";
				PRODUCT_BUNDLE_IDENTIFIER = edu.cmc.MatrixBuddyTests;
				PRODUCT_NAME = "$(TARGET_NAME)";
				TEST_HOST = "$(BUILT_PRODUCTS_DIR)/MatrixBuddy.app/MatrixBuddy";
			};
			name = Debug;
		};
		F94BCFCB1D55A5FF00ABABC6 /* Release */ = {
			isa = XCBuildConfiguration;
			buildSettings = {
				BUNDLE_LOADER = "$(TEST_HOST)";
				INFOPLIST_FILE = MatrixBuddyTests/Info.plist;
				LD_RUNPATH_SEARCH_PATHS = "$(inherited) @executable_path/Frameworks @loader_path/Frameworks";
				PRODUCT_BUNDLE_IDENTIFIER = edu.cmc.MatrixBuddyTests;
				PRODUCT_NAME = "$(TARGET_NAME)";
				TEST_HOST = "$(BUILT_PRODUCTS_DIR)/MatrixBuddy.app/MatrixBuddy";
			};
			name = Release;
		};
		F94BCFCD1D55A5FF00ABABC6 /* Debug */ = {
			isa = XCBuildConfiguration;
			buildSettings = {
				INFOPLIST_FILE = MatrixBuddyUITests/Info.plist;
				LD_RUNPATH_SEARCH_PATHS = "$(inherited) @executable_path/Frameworks @loader_path/Frameworks";
				PRODUCT_BUNDLE_IDENTIFIER = edu.cmc.MatrixBuddyUITests;
				PRODUCT_NAME = "$(TARGET_NAME)";
				TEST_TARGET_NAME = MatrixBuddy;
			};
			name = Debug;
		};
		F94BCFCE1D55A5FF00ABABC6 /* Release */ = {
			isa = XCBuildConfiguration;
			buildSettings = {
				INFOPLIST_FILE = MatrixBuddyUITests/Info.plist;
				LD_RUNPATH_SEARCH_PATHS = "$(inherited) @executable_path/Frameworks @loader_path/Frameworks";
				PRODUCT_BUNDLE_IDENTIFIER = edu.cmc.MatrixBuddyUITests;
				PRODUCT_NAME = "$(TARGET_NAME)";
				TEST_TARGET_NAME = MatrixBuddy;
			};
			name = Release;
		};
/* End XCBuildConfiguration section */

/* Begin XCConfigurationList section */
		F94BCF991D55A5FE00ABABC6 /* Build configuration list for PBXProject "MatrixBuddy" */ = {
			isa = XCConfigurationList;
			buildConfigurations = (
				F94BCFC41D55A5FF00ABABC6 /* Debug */,
				F94BCFC51D55A5FF00ABABC6 /* Release */,
			);
			defaultConfigurationIsVisible = 0;
			defaultConfigurationName = Release;
		};
		F94BCFC61D55A5FF00ABABC6 /* Build configuration list for PBXNativeTarget "MatrixBuddy" */ = {
			isa = XCConfigurationList;
			buildConfigurations = (
				F94BCFC71D55A5FF00ABABC6 /* Debug */,
				F94BCFC81D55A5FF00ABABC6 /* Release */,
			);
			defaultConfigurationIsVisible = 0;
			defaultConfigurationName = Release;
		};
		F94BCFC91D55A5FF00ABABC6 /* Build configuration list for PBXNativeTarget "MatrixBuddyTests" */ = {
			isa = XCConfigurationList;
			buildConfigurations = (
				F94BCFCA1D55A5FF00ABABC6 /* Debug */,
				F94BCFCB1D55A5FF00ABABC6 /* Release */,
			);
			defaultConfigurationIsVisible = 0;
			defaultConfigurationName = Release;
		};
		F94BCFCC1D55A5FF00ABABC6 /* Build configuration list for PBXNativeTarget "MatrixBuddyUITests" */ = {
			isa = XCConfigurationList;
			buildConfigurations = (
				F94BCFCD1D55A5FF00ABABC6 /* Debug */,
				F94BCFCE1D55A5FF00ABABC6 /* Release */,
			);
			defaultConfigurationIsVisible = 0;
			defaultConfigurationName = Release;
		};
/* End XCConfigurationList section */
	};
	rootObject = F94BCF961D55A5FE00ABABC6 /* Project object */;
}
